{
  "name": "vscode",
  "version": "1.0.0",
  "lockfileVersion": 2,
  "requires": true,
  "packages": {
    "": {
      "name": "vscode",
      "version": "1.0.0",
      "license": "ISC",
      "workspaces": [
        ".vscode",
        "node_modules",
        "public",
        "src"
      ],
      "dependencies": {
        "nodejs": "^0.0.0"
      }
    },
    "node_modules/nodejs": {
      "version": "0.0.0",
      "resolved": "https://registry.npmjs.org/nodejs/-/nodejs-0.0.0.tgz",
      "integrity": "sha512-1V+0HwaB/dhxzidEFc4uJ3k52gLI4B6YBZgJIofjwYCSAkD6CI0me6TDBT2QM2nbGWNxCHcq9/wVynzQYZOhUg==",
      "license": "ISC"
    },
    "node_modules/public": {
      "resolved": "public",
      "link": true
    },
    "node_modules/src": {
      "resolved": "src",
      "link": true
    },
    "public": {
      "version": "1.0.0",
      "license": "ISC"
    },
    "src": {
      "version": "1.0.0",
      "license": "ISC",
      "workspaces": [
        ".vscode",
        "node_modules",
        "public",
        "src"
      ]
    }
  },
  "dependencies": {
    "nodejs": {
      "version": "0.0.0",
      "resolved": "https://registry.npmjs.org/nodejs/-/nodejs-0.0.0.tgz",
      "integrity": "sha512-1V+0HwaB/dhxzidEFc4uJ3k52gLI4B6YBZgJIofjwYCSAkD6CI0me6TDBT2QM2nbGWNxCHcq9/wVynzQYZOhUg=="
    },
    "public": {
      "version": "file:public"
    },
    "src": {
      "version": "file:src"
    }
  }
}
